{
  "originHash" : "721fa07ead091f493956ef15f2069082d83fb8ff8f1a7cd78af48ee7f4e466b5",
  "pins" : [
    {
      "identity" : "h",
      "kind" : "remoteSourceControl",
      "location" : "https://github.com/rarestype/h",
      "state" : {
        "revision" : "aa3626829160917d4378330617971977cbd78f5b",
        "version" : "1.0.1"
      }
    },
    {
      "identity" : "swift-argument-parser",
      "kind" : "remoteSourceControl",
      "location" : "https://github.com/apple/swift-argument-parser",
      "state" : {
        "revision" : "6a52f3251125d74daf04fcbd5e6f08a75d074382",
        "version" : "1.8.2"
      }
    },
    {
      "identity" : "swift-collections",
      "kind" : "remoteSourceControl",
      "location" : "https://github.com/apple/swift-collections.git",
      "state" : {
        "revision" : "a0cb0954ecb21e4e31b0070e6ed5674e8556685a",
        "version" : "1.6.0"
      }
    },
    {
      "identity" : "swift-png",
      "kind" : "remoteSourceControl",
      "location" : "https://github.com/tayloraswift/swift-png",
      "state" : {
        "revision" : "8a0bcd4df5e4b307c804937776a56dd6ecdf6396",
        "version" : "4.5.1"
      }
    },
    {
      "identity" : "swiftterm",
      "kind" : "remoteSourceControl",
      "location" : "https://github.com/migueldeicaza/SwiftTerm.git",
      "state" : {
        "branch" : "main",
        "revision" : "a7b8b943e854d1073b3b79ec5cd802e4873e3df0"
      }
    }
  ],
  "version" : 3
}
